{
  "name": "nexstate",
  "version": "2.0.6",
  "lockfileVersion": 2,
  "requires": true,
  "packages": {
    "": {
      "version": "2.0.6",
      "license": "MIT",
      "dependencies": {
        "nexbounce": "^2.0.8"
      },
      "engines": {
        "node": ">=14.6.0",
        "npm": ">=7.13.0"
      }
    },
    "node_modules/nexbounce": {
      "version": "2.0.8",
      "resolved": "https://registry.npmjs.org/nexbounce/-/nexbounce-2.0.8.tgz",
      "integrity": "sha512-SrA8mdedz87pHZnqLBcVjmCPIup0TFjH8yR7t1D5I2s3ntnO7x4rsOf+hjFBMCvGDj1kys0BwGDiW9dY1m2kEg==",
      "engines": {
        "node": ">=14.6.0",
        "npm": ">=7.13.0"
      }
    }
  },
  "dependencies": {
    "nexbounce": {
      "version": "2.0.8",
      "resolved": "https://registry.npmjs.org/nexbounce/-/nexbounce-2.0.8.tgz",
      "integrity": "sha512-SrA8mdedz87pHZnqLBcVjmCPIup0TFjH8yR7t1D5I2s3ntnO7x4rsOf+hjFBMCvGDj1kys0BwGDiW9dY1m2kEg=="
    }
  }
}
