{
  "name": "nexstate",
  "version": "3.0.0",
  "lockfileVersion": 2,
  "requires": true,
  "packages": {
    "": {
      "version": "3.0.0",
      "license": "MIT",
      "dependencies": {
        "nexbounce": "^2.0.10"
      },
      "devDependencies": {
        "typescript": "^4.3.5"
      },
      "engines": {
        "node": ">=14.6.0",
        "npm": ">=7.13.0"
      }
    },
    "node_modules/nexbounce": {
      "version": "2.0.10",
      "resolved": "https://registry.npmjs.org/nexbounce/-/nexbounce-2.0.10.tgz",
      "integrity": "sha512-5+ti6irvYLiwFlg8WXcbs/XPftc6dBM5sZz0QCwKSXxsvjO8okJsjduvKAZMrQL4pqHav8Np68rYMxL6vqb95A==",
      "engines": {
        "node": ">=14.6.0",
        "npm": ">=7.13.0"
      }
    },
    "node_modules/typescript": {
      "version": "4.3.5",
      "resolved": "https://registry.npmjs.org/typescript/-/typescript-4.3.5.tgz",
      "integrity": "sha512-DqQgihaQ9cUrskJo9kIyW/+g0Vxsk8cDtZ52a3NGh0YNTfpUSArXSohyUGnvbPazEPLu398C0UxmKSOrPumUzA==",
      "dev": true,
      "bin": {
        "tsc": "bin/tsc",
        "tsserver": "bin/tsserver"
      },
      "engines": {
        "node": ">=4.2.0"
      }
    }
  },
  "dependencies": {
    "nexbounce": {
      "version": "2.0.10",
      "resolved": "https://registry.npmjs.org/nexbounce/-/nexbounce-2.0.10.tgz",
      "integrity": "sha512-5+ti6irvYLiwFlg8WXcbs/XPftc6dBM5sZz0QCwKSXxsvjO8okJsjduvKAZMrQL4pqHav8Np68rYMxL6vqb95A=="
    },
    "typescript": {
      "version": "4.3.5",
      "resolved": "https://registry.npmjs.org/typescript/-/typescript-4.3.5.tgz",
      "integrity": "sha512-DqQgihaQ9cUrskJo9kIyW/+g0Vxsk8cDtZ52a3NGh0YNTfpUSArXSohyUGnvbPazEPLu398C0UxmKSOrPumUzA==",
      "dev": true
    }
  }
}
