{
  "name": "nexstate",
  "version": "1.0.3",
  "lockfileVersion": 2,
  "requires": true,
  "packages": {
    "": {
      "version": "1.0.3",
      "license": "MIT",
      "dependencies": {
        "nexbounce": "^1.0.21"
      }
    },
    "node_modules/nexbounce": {
      "version": "1.0.21",
      "resolved": "https://registry.npmjs.org/nexbounce/-/nexbounce-1.0.21.tgz",
      "integrity": "sha512-uEBdL1kvD2y86J7x/On0Z5yaaj5qHwaFPSK+rA+Bon7jfmxOGyBmH9hzDNanHii0r4kZKckjyIX5vyoci2EHZQ==",
      "engines": {
        "node": ">=14.6.0",
        "npm": ">=7.13.0"
      }
    }
  },
  "dependencies": {
    "nexbounce": {
      "version": "1.0.21",
      "resolved": "https://registry.npmjs.org/nexbounce/-/nexbounce-1.0.21.tgz",
      "integrity": "sha512-uEBdL1kvD2y86J7x/On0Z5yaaj5qHwaFPSK+rA+Bon7jfmxOGyBmH9hzDNanHii0r4kZKckjyIX5vyoci2EHZQ=="
    }
  }
}
